{
  "version": 2,
  "dependencies": {
    "net10.0": {
      "Microsoft.EntityFrameworkCore.Abstractions": {
        "type": "Transitive",
        "resolved": "10.0.12",
        "contentHash": "kDrux7T6C3V/YYYe2LXr7x6AEsVyq5Y2YoTE9er1SwbDtap3z1g8RgxNh5eKQVyB4T+DKvBBJ4Ezd/VZzJQJZg=="
      },
      "Microsoft.EntityFrameworkCore.Analyzers": {
        "type": "Transitive",
        "resolved": "10.0.12",
        "contentHash": "Kd4o2oO1A6dfKxjz5LS16QyLtpCFTUiFWwmBABETAXRsSImBdRdWeKjSgbbRhAMiV3a3/nWr95ZtzClT4uaADQ=="
      },
      "Npgsql": {
        "type": "Transitive",
        "resolved": "10.0.3",
        "contentHash": "7nb5YzXuvWWJxB0J8DiyL3we+X4FOctZrt0fIBnucOIaIevFEEwGQVZKtiu9olXdlNAK1eNgqSral6r/jlhI4w=="
      },
      "Npgsql.NodaTime": {
        "type": "Transitive",
        "resolved": "10.0.3",
        "contentHash": "6ba1CM/zAoI7bTuBV7cFhTR3qqUsY5FqqqNoOh7dHoFHcyEEpIsMui3mC3Swyc+oyAJG0Zf8DCiXPnAf+sW09A==",
        "dependencies": {
          "NodaTime": "3.2.2",
          "Npgsql": "10.0.3"
        }
      },
      "scalenderplus.application": {
        "type": "Project",
        "dependencies": {
          "SCalenderPlus.Core": "[0.0.0, )"
        }
      },
      "scalenderplus.core": {
        "type": "Project",
        "dependencies": {
          "NodaTime": "[3.3.5, )"
        }
      },
      "scalenderplus.infrastructure": {
        "type": "Project",
        "dependencies": {
          "EFCore.NamingConventions": "[10.0.1, )",
          "Npgsql.EntityFrameworkCore.PostgreSQL": "[10.0.3, )",
          "Npgsql.EntityFrameworkCore.PostgreSQL.NodaTime": "[10.0.3, )",
          "SCalenderPlus.Application": "[0.0.0, )"
        }
      },
      "EFCore.NamingConventions": {
        "type": "CentralTransitive",
        "requested": "[10.0.1, )",
        "resolved": "10.0.1",
        "contentHash": "Xs5k8XfNKPkkQSkGmZkmDI1je0prLTdxse+s8PgTFZxyBrlrTLzTBUTVJtQKSsbvu4y+luAv8DdtO5SALJE++A==",
        "dependencies": {
          "Microsoft.EntityFrameworkCore": "[10.0.1, 11.0.0)",
          "Microsoft.EntityFrameworkCore.Relational": "[10.0.1, 11.0.0)"
        }
      },
      "Microsoft.EntityFrameworkCore": {
        "type": "CentralTransitive",
        "requested": "[10.0.12, )",
        "resolved": "10.0.12",
        "contentHash": "e7OrVN8U5yr4kuwdTHWBHGVQIVsGfMkAr0Ej1/BnrS989Q0XBVANpIzNZ2bc1GvMZ0/XwMt5InTnmKskxGy99Q==",
        "dependencies": {
          "Microsoft.EntityFrameworkCore.Abstractions": "10.0.12",
          "Microsoft.EntityFrameworkCore.Analyzers": "10.0.12"
        }
      },
      "Microsoft.EntityFrameworkCore.Relational": {
        "type": "CentralTransitive",
        "requested": "[10.0.12, )",
        "resolved": "10.0.12",
        "contentHash": "OiHmr8XzX96dbgMsYGe8qoqg4KxibdZG2r0QUVJBGktFInOp8IrABe8jvcbo5hrqeWfbwpK7fCEBiEPbY/ik4A==",
        "dependencies": {
          "Microsoft.EntityFrameworkCore": "10.0.12"
        }
      },
      "NodaTime": {
        "type": "CentralTransitive",
        "requested": "[3.3.5, )",
        "resolved": "3.3.5",
        "contentHash": "0qtGKHOYhQGCeUItP4RN8KJktsKD9j/B4IqmoecUL+ymReq69O71qEpZY6x0aQPZa5KDLXY41aEOOHZ9T6Uqgw=="
      },
      "Npgsql.EntityFrameworkCore.PostgreSQL": {
        "type": "CentralTransitive",
        "requested": "[10.0.3, )",
        "resolved": "10.0.3",
        "contentHash": "IPGrrZnRkuW7OlHDhUESZz4G5DLkW7Nej/O3Cx+0iTsgyU5XJxBgpsvTHLloo3WWuAKKbDHXBvWPVkX1deRh1Q==",
        "dependencies": {
          "Microsoft.EntityFrameworkCore": "[10.0.4, 11.0.0)",
          "Microsoft.EntityFrameworkCore.Relational": "[10.0.4, 11.0.0)",
          "Npgsql": "10.0.3"
        }
      },
      "Npgsql.EntityFrameworkCore.PostgreSQL.NodaTime": {
        "type": "CentralTransitive",
        "requested": "[10.0.3, )",
        "resolved": "10.0.3",
        "contentHash": "V84fTKMoEBsi5bAKVWrLDWimGqC6Dhn7ioBtoTpsfjpRmTcpv7FqhSqlqREO+6sHFH2sSXEZHEPWJTPsuKhfjA==",
        "dependencies": {
          "Npgsql.EntityFrameworkCore.PostgreSQL": "10.0.3",
          "Npgsql.NodaTime": "10.0.3"
        }
      }
    }
  }
}